
Microsoft Visual Studio Solution File, Format Version 12.00
# Visual Studio Version 17
VisualStudioVersion = 17.1.32328.378
MinimumVisualStudioVersion = 10.0.40219.1
Project("{2150E333-8FDC-42A3-9474-1A3956D46DE8}") = "Project", "Project", "{6D95BEA1-1E82-4EFC-B298-62E5259D65DA}"
EndProject
Project("{2150E333-8FDC-42A3-9474-1A3956D46DE8}") = "FarmToFork", "FarmToFork", "{F9BFB74F-2B65-46F7-8FBF-4070E5F2DA37}"
EndProject
Project("{FAE04EC0-301F-11D3-BF4B-00C04F79EFBC}") = "Project.FarmToFork", "src\Project\FarmToFork\code\Project.FarmToFork.csproj", "{80112AEB-A825-4E7B-AAB5-8E1A6F9D1383}"
EndProject
Project("{2150E333-8FDC-42A3-9474-1A3956D46DE8}") = "Feature", "Feature", "{B835B024-3AF5-4B9B-B57D-A87E9E761E42}"
EndProject
Project("{2150E333-8FDC-42A3-9474-1A3956D46DE8}") = "Navigation", "Navigation", "{32A65AA8-1CF5-45F1-854D-7496FD6ACDF1}"
EndProject
Project("{FAE04EC0-301F-11D3-BF4B-00C04F79EFBC}") = "Feature.Navigation", "src\Feature\Navigation\code\Feature.Navigation.csproj", "{2D5D83FD-42A7-405E-845B-A38AE4EBB66C}"
EndProject
Project("{2150E333-8FDC-42A3-9474-1A3956D46DE8}") = "Foundation", "Foundation", "{5CD944F8-8C42-4ACD-B826-1E7EF12B91A2}"
EndProject
Project("{2150E333-8FDC-42A3-9474-1A3956D46DE8}") = "Media", "Media", "{CA590FAC-D99A-465A-A4BE-E9DC044CF641}"
EndProject
Project("{FAE04EC0-301F-11D3-BF4B-00C04F79EFBC}") = "Feature.Media", "src\Feature\Media\code\Feature.Media.csproj", "{35333954-F944-46B1-92AC-C70B346F76E6}"
EndProject
Project("{2150E333-8FDC-42A3-9474-1A3956D46DE8}") = "PageContent", "PageContent", "{C927FD9C-C8DB-4EEE-B773-64EFB14D096E}"
EndProject
Project("{FAE04EC0-301F-11D3-BF4B-00C04F79EFBC}") = "Feature.PageContent", "src\Feature\PageContent\code\Feature.PageContent.csproj", "{8071AD7C-2494-484C-85AC-4AA491381C7E}"
EndProject
Project("{2150E333-8FDC-42A3-9474-1A3956D46DE8}") = "RecipesDetails", "RecipesDetails", "{A25E3AF9-56DA-4E9A-9077-6E0078280D25}"
EndProject
Project("{FAE04EC0-301F-11D3-BF4B-00C04F79EFBC}") = "Feature.RecipesDetails", "src\Feature\RecipieDetails\code\Feature.RecipesDetails.csproj", "{3B8E6ACE-B55D-4FC7-B9A5-F19CF11C7656}"
EndProject
Project("{CAA73BB0-EF22-4D79-A57E-DF67B3BA9C80}") = "FarmToFork.Master", "FarmToFork.Master\FarmToFork.Master.scproj", "{258D1BB5-1F16-444F-A9D4-049B43150A49}"
EndProject
Project("{2150E333-8FDC-42A3-9474-1A3956D46DE8}") = ".tds", ".tds", "{AA530481-8C2B-4736-822E-C44E2D492323}"
	ProjectSection(SolutionItems) = preProject
		TdsGlobal.config = TdsGlobal.config
	EndProjectSection
EndProject
Project("{2150E333-8FDC-42A3-9474-1A3956D46DE8}") = "MultiSite", "MultiSite", "{5DBECF9D-3869-4441-BAB2-21E75320B1A2}"
EndProject
Project("{FAE04EC0-301F-11D3-BF4B-00C04F79EFBC}") = "Foundation.MultiSite", "src\Foundation\MultiSite\code\Foundation.MultiSite.csproj", "{6430DE40-9F43-453F-BB2E-60C1B68AF9EE}"
EndProject
Project("{2150E333-8FDC-42A3-9474-1A3956D46DE8}") = "Serialization", "Serialization", "{CE67FC68-3AE4-448A-A295-E54D410FB51D}"
EndProject
Project("{FAE04EC0-301F-11D3-BF4B-00C04F79EFBC}") = "Foundation.Serialization", "src\Foundation\Serialization\code\Foundation.Serialization.csproj", "{E9E5938D-8CD2-4DDA-8578-688C3A18D5AF}"
EndProject
Global
	GlobalSection(SolutionConfigurationPlatforms) = preSolution
		Debug|Any CPU = Debug|Any CPU
		Release|Any CPU = Release|Any CPU
	EndGlobalSection
	GlobalSection(ProjectConfigurationPlatforms) = postSolution
		{80112AEB-A825-4E7B-AAB5-8E1A6F9D1383}.Debug|Any CPU.ActiveCfg = Debug|Any CPU
		{80112AEB-A825-4E7B-AAB5-8E1A6F9D1383}.Debug|Any CPU.Build.0 = Debug|Any CPU
		{80112AEB-A825-4E7B-AAB5-8E1A6F9D1383}.Release|Any CPU.ActiveCfg = Release|Any CPU
		{80112AEB-A825-4E7B-AAB5-8E1A6F9D1383}.Release|Any CPU.Build.0 = Release|Any CPU
		{2D5D83FD-42A7-405E-845B-A38AE4EBB66C}.Debug|Any CPU.ActiveCfg = Debug|Any CPU
		{2D5D83FD-42A7-405E-845B-A38AE4EBB66C}.Debug|Any CPU.Build.0 = Debug|Any CPU
		{2D5D83FD-42A7-405E-845B-A38AE4EBB66C}.Release|Any CPU.ActiveCfg = Release|Any CPU
		{2D5D83FD-42A7-405E-845B-A38AE4EBB66C}.Release|Any CPU.Build.0 = Release|Any CPU
		{35333954-F944-46B1-92AC-C70B346F76E6}.Debug|Any CPU.ActiveCfg = Debug|Any CPU
		{35333954-F944-46B1-92AC-C70B346F76E6}.Debug|Any CPU.Build.0 = Debug|Any CPU
		{35333954-F944-46B1-92AC-C70B346F76E6}.Release|Any CPU.ActiveCfg = Release|Any CPU
		{35333954-F944-46B1-92AC-C70B346F76E6}.Release|Any CPU.Build.0 = Release|Any CPU
		{8071AD7C-2494-484C-85AC-4AA491381C7E}.Debug|Any CPU.ActiveCfg = Debug|Any CPU
		{8071AD7C-2494-484C-85AC-4AA491381C7E}.Debug|Any CPU.Build.0 = Debug|Any CPU
		{8071AD7C-2494-484C-85AC-4AA491381C7E}.Release|Any CPU.ActiveCfg = Release|Any CPU
		{8071AD7C-2494-484C-85AC-4AA491381C7E}.Release|Any CPU.Build.0 = Release|Any CPU
		{3B8E6ACE-B55D-4FC7-B9A5-F19CF11C7656}.Debug|Any CPU.ActiveCfg = Debug|Any CPU
		{3B8E6ACE-B55D-4FC7-B9A5-F19CF11C7656}.Debug|Any CPU.Build.0 = Debug|Any CPU
		{3B8E6ACE-B55D-4FC7-B9A5-F19CF11C7656}.Release|Any CPU.ActiveCfg = Release|Any CPU
		{3B8E6ACE-B55D-4FC7-B9A5-F19CF11C7656}.Release|Any CPU.Build.0 = Release|Any CPU
		{258D1BB5-1F16-444F-A9D4-049B43150A49}.Debug|Any CPU.ActiveCfg = Debug|Any CPU
		{258D1BB5-1F16-444F-A9D4-049B43150A49}.Debug|Any CPU.Build.0 = Debug|Any CPU
		{258D1BB5-1F16-444F-A9D4-049B43150A49}.Debug|Any CPU.Deploy.0 = Debug|Any CPU
		{258D1BB5-1F16-444F-A9D4-049B43150A49}.Release|Any CPU.ActiveCfg = Release|Any CPU
		{258D1BB5-1F16-444F-A9D4-049B43150A49}.Release|Any CPU.Build.0 = Release|Any CPU
		{258D1BB5-1F16-444F-A9D4-049B43150A49}.Release|Any CPU.Deploy.0 = Release|Any CPU
		{6430DE40-9F43-453F-BB2E-60C1B68AF9EE}.Debug|Any CPU.ActiveCfg = Debug|Any CPU
		{6430DE40-9F43-453F-BB2E-60C1B68AF9EE}.Debug|Any CPU.Build.0 = Debug|Any CPU
		{6430DE40-9F43-453F-BB2E-60C1B68AF9EE}.Release|Any CPU.ActiveCfg = Release|Any CPU
		{6430DE40-9F43-453F-BB2E-60C1B68AF9EE}.Release|Any CPU.Build.0 = Release|Any CPU
		{E9E5938D-8CD2-4DDA-8578-688C3A18D5AF}.Debug|Any CPU.ActiveCfg = Debug|Any CPU
		{E9E5938D-8CD2-4DDA-8578-688C3A18D5AF}.Debug|Any CPU.Build.0 = Debug|Any CPU
		{E9E5938D-8CD2-4DDA-8578-688C3A18D5AF}.Release|Any CPU.ActiveCfg = Release|Any CPU
		{E9E5938D-8CD2-4DDA-8578-688C3A18D5AF}.Release|Any CPU.Build.0 = Release|Any CPU
	EndGlobalSection
	GlobalSection(SolutionProperties) = preSolution
		HideSolutionNode = FALSE
	EndGlobalSection
	GlobalSection(NestedProjects) = preSolution
		{F9BFB74F-2B65-46F7-8FBF-4070E5F2DA37} = {6D95BEA1-1E82-4EFC-B298-62E5259D65DA}
		{80112AEB-A825-4E7B-AAB5-8E1A6F9D1383} = {F9BFB74F-2B65-46F7-8FBF-4070E5F2DA37}
		{32A65AA8-1CF5-45F1-854D-7496FD6ACDF1} = {B835B024-3AF5-4B9B-B57D-A87E9E761E42}
		{2D5D83FD-42A7-405E-845B-A38AE4EBB66C} = {32A65AA8-1CF5-45F1-854D-7496FD6ACDF1}
		{CA590FAC-D99A-465A-A4BE-E9DC044CF641} = {B835B024-3AF5-4B9B-B57D-A87E9E761E42}
		{35333954-F944-46B1-92AC-C70B346F76E6} = {CA590FAC-D99A-465A-A4BE-E9DC044CF641}
		{C927FD9C-C8DB-4EEE-B773-64EFB14D096E} = {B835B024-3AF5-4B9B-B57D-A87E9E761E42}
		{8071AD7C-2494-484C-85AC-4AA491381C7E} = {C927FD9C-C8DB-4EEE-B773-64EFB14D096E}
		{A25E3AF9-56DA-4E9A-9077-6E0078280D25} = {B835B024-3AF5-4B9B-B57D-A87E9E761E42}
		{3B8E6ACE-B55D-4FC7-B9A5-F19CF11C7656} = {A25E3AF9-56DA-4E9A-9077-6E0078280D25}
		{258D1BB5-1F16-444F-A9D4-049B43150A49} = {5CD944F8-8C42-4ACD-B826-1E7EF12B91A2}
		{AA530481-8C2B-4736-822E-C44E2D492323} = {5CD944F8-8C42-4ACD-B826-1E7EF12B91A2}
		{5DBECF9D-3869-4441-BAB2-21E75320B1A2} = {5CD944F8-8C42-4ACD-B826-1E7EF12B91A2}
		{6430DE40-9F43-453F-BB2E-60C1B68AF9EE} = {5DBECF9D-3869-4441-BAB2-21E75320B1A2}
		{CE67FC68-3AE4-448A-A295-E54D410FB51D} = {5CD944F8-8C42-4ACD-B826-1E7EF12B91A2}
		{E9E5938D-8CD2-4DDA-8578-688C3A18D5AF} = {CE67FC68-3AE4-448A-A295-E54D410FB51D}
	EndGlobalSection
	GlobalSection(ExtensibilityGlobals) = postSolution
		SolutionGuid = {66EA9A56-4425-4327-8ED2-3FE66C1D0B48}
	EndGlobalSection
EndGlobal
